
Microsoft Visual Studio Solution File, Format Version 12.00
# Visual Studio 15
VisualStudioVersion = 15.0.26730.15
MinimumVisualStudioVersion = 10.0.40219.1
Project("{FAE04EC0-301F-11D3-BF4B-00C04F79EFBC}") = "ImageConverter", "ImageConverter.csproj", "{785358BA-296B-47A1-89EF-8579E0C0D5F9}"
EndProject
Global
	GlobalSection(SolutionConfigurationPlatforms) = preSolution
		Debug|Any CPU = Debug|Any CPU
		Release|Any CPU = Release|Any CPU
	EndGlobalSection
	GlobalSection(ProjectConfigurationPlatforms) = postSolution
		{785358BA-296B-47A1-89EF-8579E0C0D5F9}.Debug|Any CPU.ActiveCfg = Debug|Any CPU
		{785358BA-296B-47A1-89EF-8579E0C0D5F9}.Debug|Any CPU.Build.0 = Debug|Any CPU
		{785358BA-296B-47A1-89EF-8579E0C0D5F9}.Release|Any CPU.ActiveCfg = Release|Any CPU
		{785358BA-296B-47A1-89EF-8579E0C0D5F9}.Release|Any CPU.Build.0 = Release|Any CPU
	EndGlobalSection
	GlobalSection(SolutionProperties) = preSolution
		HideSolutionNode = FALSE
	EndGlobalSection
	GlobalSection(ExtensibilityGlobals) = postSolution
		SolutionGuid = {84B7264E-54BC-447B-AAF8-0529525C0A98}
	EndGlobalSection
EndGlobal
